
Microsoft Visual Studio Solution File, Format Version 12.00
# Visual Studio 2012
Project("{FAE04EC0-301F-11D3-BF4B-00C04F79EFBC}") = "Urlbox", "Urlbox\Urlbox.csproj", "{802E531B-BD8A-4592-AD29-98B3FA67D61E}"
EndProject
Project("{FAE04EC0-301F-11D3-BF4B-00C04F79EFBC}") = "Urlbox.Test", "Urlbox_Test\Urlbox.Test.csproj", "{E661A55F-21F6-4B22-90CD-B2D56DD9AD3E}"
EndProject
Global
	GlobalSection(SolutionConfigurationPlatforms) = preSolution
		Debug|Any CPU = Debug|Any CPU
		Release|Any CPU = Release|Any CPU
	EndGlobalSection
	GlobalSection(ProjectConfigurationPlatforms) = postSolution
		{802E531B-BD8A-4592-AD29-98B3FA67D61E}.Debug|Any CPU.ActiveCfg = Debug|Any CPU
		{802E531B-BD8A-4592-AD29-98B3FA67D61E}.Debug|Any CPU.Build.0 = Debug|Any CPU
		{802E531B-BD8A-4592-AD29-98B3FA67D61E}.Release|Any CPU.ActiveCfg = Release|Any CPU
		{802E531B-BD8A-4592-AD29-98B3FA67D61E}.Release|Any CPU.Build.0 = Release|Any CPU
		{E661A55F-21F6-4B22-90CD-B2D56DD9AD3E}.Debug|Any CPU.ActiveCfg = Debug|Any CPU
		{E661A55F-21F6-4B22-90CD-B2D56DD9AD3E}.Debug|Any CPU.Build.0 = Debug|Any CPU
		{E661A55F-21F6-4B22-90CD-B2D56DD9AD3E}.Release|Any CPU.ActiveCfg = Release|Any CPU
		{E661A55F-21F6-4B22-90CD-B2D56DD9AD3E}.Release|Any CPU.Build.0 = Release|Any CPU
	EndGlobalSection
	GlobalSection(MonoDevelopProperties) = preSolution
		description = Create valid Urlbox urls for taking website screenshots in your c# application.
	EndGlobalSection
EndGlobal
